
Microsoft Visual Studio Solution File, Format Version 12.00
# Visual Studio Version 16
VisualStudioVersion = 25.0.1700.7
MinimumVisualStudioVersion = 10.0.40219.1
Project("{FAE04EC0-301F-11D3-BF4B-00C04F79EFBC}") = "PhotoFrame.Web", "PhotoFrame.Web\PhotoFrame.Web.csproj", "{1197A140-6AFF-43BE-8810-C7440CC1D206}"
EndProject
Project("{FAE04EC0-301F-11D3-BF4B-00C04F79EFBC}") = "PhotoFrame.Service", "PhotoFrame.Service\PhotoFrame.Service.csproj", "{B27AB1C5-0962-4666-B2F2-01E8E5B4506B}"
EndProject
Project("{FAE04EC0-301F-11D3-BF4B-00C04F79EFBC}") = "PhotoFrame.Data", "PhotoFrame.Data\PhotoFrame.Data.csproj", "{92F2178E-5EAE-4B82-9DDD-4D93936570D8}"
EndProject
Global
	GlobalSection(SolutionConfigurationPlatforms) = preSolution
		Debug|Any CPU = Debug|Any CPU
		Release|Any CPU = Release|Any CPU
	EndGlobalSection
	GlobalSection(ProjectConfigurationPlatforms) = postSolution
		{1197A140-6AFF-43BE-8810-C7440CC1D206}.Debug|Any CPU.ActiveCfg = Debug|Any CPU
		{1197A140-6AFF-43BE-8810-C7440CC1D206}.Debug|Any CPU.Build.0 = Debug|Any CPU
		{1197A140-6AFF-43BE-8810-C7440CC1D206}.Release|Any CPU.ActiveCfg = Release|Any CPU
		{1197A140-6AFF-43BE-8810-C7440CC1D206}.Release|Any CPU.Build.0 = Release|Any CPU
		{B27AB1C5-0962-4666-B2F2-01E8E5B4506B}.Debug|Any CPU.ActiveCfg = Debug|Any CPU
		{B27AB1C5-0962-4666-B2F2-01E8E5B4506B}.Debug|Any CPU.Build.0 = Debug|Any CPU
		{B27AB1C5-0962-4666-B2F2-01E8E5B4506B}.Release|Any CPU.ActiveCfg = Release|Any CPU
		{B27AB1C5-0962-4666-B2F2-01E8E5B4506B}.Release|Any CPU.Build.0 = Release|Any CPU
		{92F2178E-5EAE-4B82-9DDD-4D93936570D8}.Debug|Any CPU.ActiveCfg = Debug|Any CPU
		{92F2178E-5EAE-4B82-9DDD-4D93936570D8}.Debug|Any CPU.Build.0 = Debug|Any CPU
		{92F2178E-5EAE-4B82-9DDD-4D93936570D8}.Release|Any CPU.ActiveCfg = Release|Any CPU
		{92F2178E-5EAE-4B82-9DDD-4D93936570D8}.Release|Any CPU.Build.0 = Release|Any CPU
	EndGlobalSection
	GlobalSection(SolutionProperties) = preSolution
		HideSolutionNode = FALSE
	EndGlobalSection
	GlobalSection(ExtensibilityGlobals) = postSolution
		SolutionGuid = {4A5622F9-1F00-4CB9-B965-73911F4976E2}
	EndGlobalSection
EndGlobal
